
Microsoft Visual Studio Solution File, Format Version 12.00
# Visual Studio Version 17
VisualStudioVersion = 17.2.32616.157
MinimumVisualStudioVersion = 10.0.40219.1
Project("{9A19103F-16F7-4668-BE54-9A1E7A4F7556}") = "UserIU", "UserIU\UserIU.csproj", "{8EE029B8-AAE9-45A6-8169-1B2A3A1F6766}"
EndProject
Project("{2150E333-8FDC-42A3-9474-1A3956D46DE8}") = "Solution Items", "Solution Items", "{B8AF7E59-6254-4D6B-AF19-C6A5A7D45742}"
EndProject
Global
	GlobalSection(SolutionConfigurationPlatforms) = preSolution
		Debug|Any CPU = Debug|Any CPU
		Release|Any CPU = Release|Any CPU
	EndGlobalSection
	GlobalSection(ProjectConfigurationPlatforms) = postSolution
		{8EE029B8-AAE9-45A6-8169-1B2A3A1F6766}.Debug|Any CPU.ActiveCfg = Debug|Any CPU
		{8EE029B8-AAE9-45A6-8169-1B2A3A1F6766}.Debug|Any CPU.Build.0 = Debug|Any CPU
		{8EE029B8-AAE9-45A6-8169-1B2A3A1F6766}.Release|Any CPU.ActiveCfg = Release|Any CPU
		{8EE029B8-AAE9-45A6-8169-1B2A3A1F6766}.Release|Any CPU.Build.0 = Release|Any CPU
	EndGlobalSection
	GlobalSection(SolutionProperties) = preSolution
		HideSolutionNode = FALSE
	EndGlobalSection
	GlobalSection(ExtensibilityGlobals) = postSolution
		SolutionGuid = {1A98A55A-BE1F-4879-AA9A-F74368FC5277}
	EndGlobalSection
EndGlobal
